{
  "nodes": {
    "iig-tools": {
      "inputs": {
        "nixpkgs": "nixpkgs"
      },
      "locked": {
        "lastModified": 1783715284,
        "narHash": "sha256-0XAqC6ic1yL+sB1tEDyp1CPt4Vm0SdpcI0sTJ7cph5g=",
        "owner": "Vali0004",
        "repo": "iig-tools",
        "rev": "50dc519a7f8581147ccab24349d03e2350989f65",
        "type": "github"
      },
      "original": {
        "owner": "Vali0004",
        "repo": "iig-tools",
        "type": "github"
      }
    },
    "kc-tools": {
      "inputs": {
        "nixpkgs": "nixpkgs_2"
      },
      "locked": {
        "lastModified": 1783846934,
        "narHash": "sha256-WYFyWNubM7KGGVhmfDN+8rY+8q6lIW5ryQ4MygP21bI=",
        "owner": "Vali0004",
        "repo": "kc-tools",
        "rev": "565fab80f005398dbc15627746da1478eac1fa85",
        "type": "github"
      },
      "original": {
        "owner": "Vali0004",
        "repo": "kc-tools",
        "type": "github"
      }
    },
    "nixpkgs": {
      "locked": {
        "lastModified": 1783522502,
        "narHash": "sha256-iffAls3iaNTyJC2faYcUXSI+Gp02cDjYl+MygxKl2GI=",
        "owner": "NixOS",
        "repo": "nixpkgs",
        "rev": "0bb7ec54c8483066ec9d7720e780a5caa71f8612",
        "type": "github"
      },
      "original": {
        "owner": "NixOS",
        "ref": "nixos-unstable",
        "repo": "nixpkgs",
        "type": "github"
      }
    },
    "nixpkgs_2": {
      "locked": {
        "lastModified": 1764667669,
        "narHash": "sha256-7WUCZfmqLAssbDqwg9cUDAXrSoXN79eEEq17qhTNM/Y=",
        "owner": "NixOS",
        "repo": "nixpkgs",
        "rev": "418468ac9527e799809c900eda37cbff999199b6",
        "type": "github"
      },
      "original": {
        "owner": "NixOS",
        "ref": "nixos-unstable",
        "repo": "nixpkgs",
        "type": "github"
      }
    },
    "nixpkgs_3": {
      "locked": {
        "lastModified": 1783703440,
        "narHash": "sha256-O3/YajjWo001VUIgD8BwaRdSNLUFe7nZ1qV5TwhRBcw=",
        "owner": "NixOS",
        "repo": "nixpkgs",
        "rev": "8f0500b9660505dc3cb647775fe9a978a74b5283",
        "type": "github"
      },
      "original": {
        "owner": "NixOS",
        "ref": "nixos-26.05",
        "repo": "nixpkgs",
        "type": "github"
      }
    },
    "nixpkgs_4": {
      "locked": {
        "lastModified": 1764667669,
        "narHash": "sha256-7WUCZfmqLAssbDqwg9cUDAXrSoXN79eEEq17qhTNM/Y=",
        "owner": "NixOS",
        "repo": "nixpkgs",
        "rev": "418468ac9527e799809c900eda37cbff999199b6",
        "type": "github"
      },
      "original": {
        "owner": "NixOS",
        "ref": "nixos-unstable",
        "repo": "nixpkgs",
        "type": "github"
      }
    },
    "root": {
      "inputs": {
        "iig-tools": "iig-tools",
        "kc-tools": "kc-tools",
        "nixpkgs": "nixpkgs_3",
        "xnu-loader": "xnu-loader"
      }
    },
    "xnu-loader": {
      "inputs": {
        "nixpkgs": "nixpkgs_4"
      },
      "locked": {
        "lastModified": 1783846961,
        "narHash": "sha256-IZoPcgfyZaRQz9fMb3TfUMbUjy3+wF7rCsgIJOCq0ok=",
        "owner": "Vali0004",
        "repo": "xnu-loader",
        "rev": "a90a5fbda1f0ad1fb0478b2b0099ac8d2c4cdc2f",
        "type": "github"
      },
      "original": {
        "owner": "Vali0004",
        "repo": "xnu-loader",
        "type": "github"
      }
    }
  },
  "root": "root",
  "version": 7
}
